
Microsoft Visual Studio Solution File, Format Version 12.00
# Visual Studio Version 17
VisualStudioVersion = 17.1.32210.238
MinimumVisualStudioVersion = 10.0.40219.1
Project("{8BC9CEB8-8B4A-11D0-8D11-00A0C91BC942}") = "matrix_equality", "matrix_equality\matrix_equality.vcxproj", "{8FDFEB20-0C0F-42B4-857D-3A63402A9FE0}"
EndProject
Global
	GlobalSection(SolutionConfigurationPlatforms) = preSolution
		Debug|x64 = Debug|x64
		Debug|x86 = Debug|x86
		Release|x64 = Release|x64
		Release|x86 = Release|x86
	EndGlobalSection
	GlobalSection(ProjectConfigurationPlatforms) = postSolution
		{8FDFEB20-0C0F-42B4-857D-3A63402A9FE0}.Debug|x64.ActiveCfg = Debug|x64
		{8FDFEB20-0C0F-42B4-857D-3A63402A9FE0}.Debug|x64.Build.0 = Debug|x64
		{8FDFEB20-0C0F-42B4-857D-3A63402A9FE0}.Debug|x86.ActiveCfg = Debug|Win32
		{8FDFEB20-0C0F-42B4-857D-3A63402A9FE0}.Debug|x86.Build.0 = Debug|Win32
		{8FDFEB20-0C0F-42B4-857D-3A63402A9FE0}.Release|x64.ActiveCfg = Release|x64
		{8FDFEB20-0C0F-42B4-857D-3A63402A9FE0}.Release|x64.Build.0 = Release|x64
		{8FDFEB20-0C0F-42B4-857D-3A63402A9FE0}.Release|x86.ActiveCfg = Release|Win32
		{8FDFEB20-0C0F-42B4-857D-3A63402A9FE0}.Release|x86.Build.0 = Release|Win32
	EndGlobalSection
	GlobalSection(SolutionProperties) = preSolution
		HideSolutionNode = FALSE
	EndGlobalSection
	GlobalSection(ExtensibilityGlobals) = postSolution
		SolutionGuid = {628CC9E5-533D-4FC0-BF1B-84E140606D9F}
	EndGlobalSection
EndGlobal
